{
  "nodes": {
    "nixpkgs": {
      "locked": {
        "lastModified": 1763641779,
        "narHash": "sha256-S2neCcgeN1p2Z4ZQ97sBH+LFCrQPu9GkY69L1jq9CrM=",
        "owner": "NixOS",
        "repo": "nixpkgs",
        "rev": "3d13bb229941a7edb2b92dee8433e02cfcb4729e",
        "type": "github"
      },
      "original": {
        "owner": "NixOS",
        "ref": "release-25.05",
        "repo": "nixpkgs",
        "type": "github"
      }
    },
    "root": {
      "inputs": {
        "nixpkgs": "nixpkgs"
      }
    }
  },
  "root": "root",
  "version": 7
}
